[[package]]
name = "aioredis"
version = "1.3.1"
description = "asyncio (PEP 3156) Redis support"
category = "main"
optional = false
python-versions = "*"

[package.dependencies]
async-timeout = "*"
hiredis = "*"

[[package]]
name = "async-timeout"
version = "4.0.2"
description = "Timeout context manager for asyncio programs"
category = "main"
optional = false
python-versions = ">=3.6"

[package.dependencies]
typing-extensions = {version = ">=3.6.5", markers = "python_version < \"3.8\""}

[[package]]
name = "attrs"
version = "21.4.0"
description = "Classes Without Boilerplate"
category = "main"
optional = false
python-versions = ">=2.7, !=3.0.*, !=3.1.*, !=3.2.*, !=3.3.*, !=3.4.*"

[package.extras]
dev = ["coverage[toml] (>=5.0.2)", "hypothesis", "pympler", "pytest (>=4.3.0)", "six", "mypy", "pytest-mypy-plugins", "zope.interface", "furo", "sphinx", "sphinx-notfound-page", "pre-commit", "cloudpickle"]
docs = ["furo", "sphinx", "zope.interface", "sphinx-notfound-page"]
tests = ["coverage[toml] (>=5.0.2)", "hypothesis", "pympler", "pytest (>=4.3.0)", "six", "mypy", "pytest-mypy-plugins", "zope.interface", "cloudpickle"]
tests_no_zope = ["coverage[toml] (>=5.0.2)", "hypothesis", "pympler", "pytest (>=4.3.0)", "six", "mypy", "pytest-mypy-plugins", "cloudpickle"]

[[package]]
name = "backports.shutil-which"
version = "3.5.2"
description = "Backport of shutil.which from Python 3.3"
category = "main"
optional = false
python-versions = "*"

[[package]]
name = "certifi"
version = "2021.10.8"
description = "Python package for providing Mozilla's CA Bundle."
category = "main"
optional = false
python-versions = "*"

[[package]]
name = "charset-normalizer"
version = "2.0.12"
description = "The Real First Universal Charset Detector. Open, modern and actively maintained alternative to Chardet."
category = "main"
optional = false
python-versions = ">=3.5.0"

[package.extras]
unicode_backport = ["unicodedata2"]

[[package]]
name = "colorama"
version = "0.4.4"
description = "Cross-platform colored terminal text."
category = "main"
optional = false
python-versions = ">=2.7, !=3.0.*, !=3.1.*, !=3.2.*, !=3.3.*, !=3.4.*"

[[package]]
name = "hiredis"
version = "2.0.0"
description = "Python wrapper for hiredis"
category = "main"
optional = false
python-versions = ">=3.6"

[[package]]
name = "idna"
version = "3.3"
description = "Internationalized Domain Names in Applications (IDNA)"
category = "main"
optional = false
python-versions = ">=3.5"

[[package]]
name = "pytz"
version = "2021.3"
description = "World timezone definitions, modern and historical"
category = "main"
optional = false
python-versions = "*"

[[package]]
name = "requests"
version = "2.27.1"
description = "Python HTTP for Humans."
category = "main"
optional = false
python-versions = ">=2.7, !=3.0.*, !=3.1.*, !=3.2.*, !=3.3.*, !=3.4.*, !=3.5.*"

[package.dependencies]
certifi = ">=2017.4.17"
charset-normalizer = {version = ">=2.0.0,<2.1.0", markers = "python_version >= \"3\""}
idna = {version = ">=2.5,<4", markers = "python_version >= \"3\""}
urllib3 = ">=1.21.1,<1.27"

[package.extras]
socks = ["PySocks (>=1.5.6,!=1.5.7)", "win-inet-pton"]
use_chardet_on_py3 = ["chardet (>=3.0.2,<5)"]

[[package]]
name = "six"
version = "1.16.0"
description = "Python 2 and 3 compatibility utilities"
category = "main"
optional = false
python-versions = ">=2.7, !=3.0.*, !=3.1.*, !=3.2.*"

[[package]]
name = "typing-extensions"
version = "4.1.1"
description = "Backported and Experimental Type Hints for Python 3.6+"
category = "main"
optional = false
python-versions = ">=3.6"

[[package]]
name = "urllib3"
version = "1.26.8"
description = "HTTP library with thread-safe connection pooling, file post, and more."
category = "main"
optional = false
python-versions = ">=2.7, !=3.0.*, !=3.1.*, !=3.2.*, !=3.3.*, !=3.4.*, <4"

[package.extras]
brotli = ["brotlipy (>=0.6.0)"]
secure = ["pyOpenSSL (>=0.14)", "cryptography (>=1.3.4)", "idna (>=2.0.0)", "certifi", "ipaddress"]
socks = ["PySocks (>=1.5.6,!=1.5.7,<2.0)"]

[[package]]
name = "uvloop"
version = "0.16.0"
description = "Fast implementation of asyncio event loop on top of libuv"
category = "main"
optional = false
python-versions = ">=3.7"

[package.extras]
dev = ["Cython (>=0.29.24,<0.30.0)", "pytest (>=3.6.0)", "Sphinx (>=4.1.2,<4.2.0)", "sphinxcontrib-asyncio (>=0.3.0,<0.4.0)", "sphinx-rtd-theme (>=0.5.2,<0.6.0)", "aiohttp", "flake8 (>=3.9.2,<3.10.0)", "psutil", "pycodestyle (>=2.7.0,<2.8.0)", "pyOpenSSL (>=19.0.0,<19.1.0)", "mypy (>=0.800)"]
docs = ["Sphinx (>=4.1.2,<4.2.0)", "sphinxcontrib-asyncio (>=0.3.0,<0.4.0)", "sphinx-rtd-theme (>=0.5.2,<0.6.0)"]
test = ["aiohttp", "flake8 (>=3.9.2,<3.10.0)", "psutil", "pycodestyle (>=2.7.0,<2.8.0)", "pyOpenSSL (>=19.0.0,<19.1.0)", "mypy (>=0.800)"]

[[package]]
name = "vmprof"
version = "0.4.9"
description = "Python's vmprof client"
category = "main"
optional = false
python-versions = "*"

[package.dependencies]
"backports.shutil_which" = "*"
colorama = "*"
pytz = "*"
requests = "*"
six = "*"

[[package]]
name = "yappi"
version = "1.3.3"
description = "Yet Another Python Profiler"
category = "dev"
optional = false
python-versions = "*"

[package.extras]
test = ["gevent (>=20.6.2)"]

[metadata]
lock-version = "1.1"
python-versions = "^3.7"
content-hash = "11d18df39a59e4d5fcf739e853bb870022c313c0629a76ad95aeffde280619f5"

[metadata.files]
aioredis = [
    {file = "aioredis-1.3.1-py3-none-any.whl", hash = "sha256:b61808d7e97b7cd5a92ed574937a079c9387fdadd22bfbfa7ad2fd319ecc26e3"},
    {file = "aioredis-1.3.1.tar.gz", hash = "sha256:15f8af30b044c771aee6787e5ec24694c048184c7b9e54c3b60c750a4b93273a"},
]
async-timeout = [
    {file = "async-timeout-4.0.2.tar.gz", hash = "sha256:2163e1640ddb52b7a8c80d0a67a08587e5d245cc9c553a74a847056bc2976b15"},
    {file = "async_timeout-4.0.2-py3-none-any.whl", hash = "sha256:8ca1e4fcf50d07413d66d1a5e416e42cfdf5851c981d679a09851a6853383b3c"},
]
attrs = [
    {file = "attrs-21.4.0-py2.py3-none-any.whl", hash = "sha256:2d27e3784d7a565d36ab851fe94887c5eccd6a463168875832a1be79c82828b4"},
    {file = "attrs-21.4.0.tar.gz", hash = "sha256:626ba8234211db98e869df76230a137c4c40a12d72445c45d5f5b716f076e2fd"},
]
"backports.shutil-which" = [
    {file = "backports.shutil_which-3.5.2-py2.py3-none-any.whl", hash = "sha256:dc627fb2bc40f8ad7e012d7d9a59ed0cb1b74a9510ed936b3f9358b7ac6d4d31"},
    {file = "backports.shutil_which-3.5.2.tar.gz", hash = "sha256:fe39f567cbe4fad89e8ac4dbeb23f87ef80f7fe8e829669d0221ecdb0437c133"},
]
certifi = [
    {file = "certifi-2021.10.8-py2.py3-none-any.whl", hash = "sha256:d62a0163eb4c2344ac042ab2bdf75399a71a2d8c7d47eac2e2ee91b9d6339569"},
    {file = "certifi-2021.10.8.tar.gz", hash = "sha256:78884e7c1d4b00ce3cea67b44566851c4343c120abd683433ce934a68ea58872"},
]
charset-normalizer = [
    {file = "charset-normalizer-2.0.12.tar.gz", hash = "sha256:2857e29ff0d34db842cd7ca3230549d1a697f96ee6d3fb071cfa6c7393832597"},
    {file = "charset_normalizer-2.0.12-py3-none-any.whl", hash = "sha256:6881edbebdb17b39b4eaaa821b438bf6eddffb4468cf344f09f89def34a8b1df"},
]
colorama = [
    {file = "colorama-0.4.4-py2.py3-none-any.whl", hash = "sha256:9f47eda37229f68eee03b24b9748937c7dc3868f906e8ba69fbcbdd3bc5dc3e2"},
    {file = "colorama-0.4.4.tar.gz", hash = "sha256:5941b2b48a20143d2267e95b1c2a7603ce057ee39fd88e7329b0c292aa16869b"},
]
hiredis = [
    {file = "hiredis-2.0.0-cp36-cp36m-macosx_10_9_x86_64.whl", hash = "sha256:b4c8b0bc5841e578d5fb32a16e0c305359b987b850a06964bd5a62739d688048"},
    {file = "hiredis-2.0.0-cp36-cp36m-manylinux1_i686.whl", hash = "sha256:0adea425b764a08270820531ec2218d0508f8ae15a448568109ffcae050fee26"},
    {file = "hiredis-2.0.0-cp36-cp36m-manylinux1_x86_64.whl", hash = "sha256:3d55e36715ff06cdc0ab62f9591607c4324297b6b6ce5b58cb9928b3defe30ea"},
    {file = "hiredis-2.0.0-cp36-cp36m-manylinux2010_i686.whl", hash = "sha256:5d2a48c80cf5a338d58aae3c16872f4d452345e18350143b3bf7216d33ba7b99"},
    {file = "hiredis-2.0.0-cp36-cp36m-manylinux2010_x86_64.whl", hash = "sha256:240ce6dc19835971f38caf94b5738092cb1e641f8150a9ef9251b7825506cb05"},
    {file = "hiredis-2.0.0-cp36-cp36m-manylinux2014_aarch64.whl", hash = "sha256:5dc7a94bb11096bc4bffd41a3c4f2b958257085c01522aa81140c68b8bf1630a"},
    {file = "hiredis-2.0.0-cp36-cp36m-win32.whl", hash = "sha256:139705ce59d94eef2ceae9fd2ad58710b02aee91e7fa0ccb485665ca0ecbec63"},
    {file = "hiredis-2.0.0-cp36-cp36m-win_amd64.whl", hash = "sha256:c39c46d9e44447181cd502a35aad2bb178dbf1b1f86cf4db639d7b9614f837c6"},
    {file = "hiredis-2.0.0-cp37-cp37m-macosx_10_9_x86_64.whl", hash = "sha256:adf4dd19d8875ac147bf926c727215a0faf21490b22c053db464e0bf0deb0485"},
    {file = "hiredis-2.0.0-cp37-cp37m-manylinux1_i686.whl", hash = "sha256:0f41827028901814c709e744060843c77e78a3aca1e0d6875d2562372fcb405a"},
    {file = "hiredis-2.0.0-cp37-cp37m-manylinux1_x86_64.whl", hash = "sha256:508999bec4422e646b05c95c598b64bdbef1edf0d2b715450a078ba21b385bcc"},
    {file = "hiredis-2.0.0-cp37-cp37m-manylinux2010_i686.whl", hash = "sha256:0d5109337e1db373a892fdcf78eb145ffb6bbd66bb51989ec36117b9f7f9b579"},
    {file = "hiredis-2.0.0-cp37-cp37m-manylinux2010_x86_64.whl", hash = "sha256:04026461eae67fdefa1949b7332e488224eac9e8f2b5c58c98b54d29af22093e"},
    {file = "hiredis-2.0.0-cp37-cp37m-manylinux2014_aarch64.whl", hash = "sha256:a00514362df15af041cc06e97aebabf2895e0a7c42c83c21894be12b84402d79"},
    {file = "hiredis-2.0.0-cp37-cp37m-win32.whl", hash = "sha256:09004096e953d7ebd508cded79f6b21e05dff5d7361771f59269425108e703bc"},
    {file = "hiredis-2.0.0-cp37-cp37m-win_amd64.whl", hash = "sha256:f8196f739092a78e4f6b1b2172679ed3343c39c61a3e9d722ce6fcf1dac2824a"},
    {file = "hiredis-2.0.0-cp38-cp38-macosx_10_9_x86_64.whl", hash = "sha256:294a6697dfa41a8cba4c365dd3715abc54d29a86a40ec6405d677ca853307cfb"},
    {file = "hiredis-2.0.0-cp38-cp38-manylinux1_i686.whl", hash = "sha256:3dddf681284fe16d047d3ad37415b2e9ccdc6c8986c8062dbe51ab9a358b50a5"},
    {file = "hiredis-2.0.0-cp38-cp38-manylinux1_x86_64.whl", hash = "sha256:dcef843f8de4e2ff5e35e96ec2a4abbdf403bd0f732ead127bd27e51f38ac298"},
    {file = "hiredis-2.0.0-cp38-cp38-manylinux2010_i686.whl", hash = "sha256:87c7c10d186f1743a8fd6a971ab6525d60abd5d5d200f31e073cd5e94d7e7a9d"},
    {file = "hiredis-2.0.0-cp38-cp38-manylinux2010_x86_64.whl", hash = "sha256:7f0055f1809b911ab347a25d786deff5e10e9cf083c3c3fd2dd04e8612e8d9db"},
    {file = "hiredis-2.0.0-cp38-cp38-manylinux2014_aarch64.whl", hash = "sha256:11d119507bb54e81f375e638225a2c057dda748f2b1deef05c2b1a5d42686048"},
    {file = "hiredis-2.0.0-cp38-cp38-win32.whl", hash = "sha256:7492af15f71f75ee93d2a618ca53fea8be85e7b625e323315169977fae752426"},
    {file = "hiredis-2.0.0-cp38-cp38-win_amd64.whl", hash = "sha256:65d653df249a2f95673976e4e9dd7ce10de61cfc6e64fa7eeaa6891a9559c581"},
    {file = "hiredis-2.0.0-cp39-cp39-macosx_10_9_x86_64.whl", hash = "sha256:ae8427a5e9062ba66fc2c62fb19a72276cf12c780e8db2b0956ea909c48acff5"},
    {file = "hiredis-2.0.0-cp39-cp39-manylinux1_i686.whl", hash = "sha256:3f5f7e3a4ab824e3de1e1700f05ad76ee465f5f11f5db61c4b297ec29e692b2e"},
    {file = "hiredis-2.0.0-cp39-cp39-manylinux1_x86_64.whl", hash = "sha256:e3447d9e074abf0e3cd85aef8131e01ab93f9f0e86654db7ac8a3f73c63706ce"},
    {file = "hiredis-2.0.0-cp39-cp39-manylinux2010_i686.whl", hash = "sha256:8b42c0dc927b8d7c0eb59f97e6e34408e53bc489f9f90e66e568f329bff3e443"},
    {file = "hiredis-2.0.0-cp39-cp39-manylinux2010_x86_64.whl", hash = "sha256:b84f29971f0ad4adaee391c6364e6f780d5aae7e9226d41964b26b49376071d0"},
    {file = "hiredis-2.0.0-cp39-cp39-manylinux2014_aarch64.whl", hash = "sha256:0b39ec237459922c6544d071cdcf92cbb5bc6685a30e7c6d985d8a3e3a75326e"},
    {file = "hiredis-2.0.0-cp39-cp39-win32.whl", hash = "sha256:a7928283143a401e72a4fad43ecc85b35c27ae699cf5d54d39e1e72d97460e1d"},
    {file = "hiredis-2.0.0-cp39-cp39-win_amd64.whl", hash = "sha256:a4ee8000454ad4486fb9f28b0cab7fa1cd796fc36d639882d0b34109b5b3aec9"},
    {file = "hiredis-2.0.0-pp36-pypy36_pp73-macosx_10_9_x86_64.whl", hash = "sha256:1f03d4dadd595f7a69a75709bc81902673fa31964c75f93af74feac2f134cc54"},
    {file = "hiredis-2.0.0-pp36-pypy36_pp73-manylinux1_x86_64.whl", hash = "sha256:04927a4c651a0e9ec11c68e4427d917e44ff101f761cd3b5bc76f86aaa431d27"},
    {file = "hiredis-2.0.0-pp36-pypy36_pp73-manylinux2010_x86_64.whl", hash = "sha256:a39efc3ade8c1fb27c097fd112baf09d7fd70b8cb10ef1de4da6efbe066d381d"},
    {file = "hiredis-2.0.0-pp36-pypy36_pp73-win32.whl", hash = "sha256:07bbf9bdcb82239f319b1f09e8ef4bdfaec50ed7d7ea51a56438f39193271163"},
    {file = "hiredis-2.0.0-pp37-pypy37_pp73-macosx_10_9_x86_64.whl", hash = "sha256:807b3096205c7cec861c8803a6738e33ed86c9aae76cac0e19454245a6bbbc0a"},
    {file = "hiredis-2.0.0-pp37-pypy37_pp73-manylinux1_x86_64.whl", hash = "sha256:1233e303645f468e399ec906b6b48ab7cd8391aae2d08daadbb5cad6ace4bd87"},
    {file = "hiredis-2.0.0-pp37-pypy37_pp73-manylinux2010_x86_64.whl", hash = "sha256:cb2126603091902767d96bcb74093bd8b14982f41809f85c9b96e519c7e1dc41"},
    {file = "hiredis-2.0.0-pp37-pypy37_pp73-win32.whl", hash = "sha256:f52010e0a44e3d8530437e7da38d11fb822acfb0d5b12e9cd5ba655509937ca0"},
    {file = "hiredis-2.0.0.tar.gz", hash = "sha256:81d6d8e39695f2c37954d1011c0480ef7cf444d4e3ae24bc5e89ee5de360139a"},
]
idna = [
    {file = "idna-3.3-py3-none-any.whl", hash = "sha256:84d9dd047ffa80596e0f246e2eab0b391788b0503584e8945f2368256d2735ff"},
    {file = "idna-3.3.tar.gz", hash = "sha256:9d643ff0a55b762d5cdb124b8eaa99c66322e2157b69160bc32796e824360e6d"},
]
pytz = [
    {file = "pytz-2021.3-py2.py3-none-any.whl", hash = "sha256:3672058bc3453457b622aab7a1c3bfd5ab0bdae451512f6cf25f64ed37f5b87c"},
    {file = "pytz-2021.3.tar.gz", hash = "sha256:acad2d8b20a1af07d4e4c9d2e9285c5ed9104354062f275f3fcd88dcef4f1326"},
]
requests = [
    {file = "requests-2.27.1-py2.py3-none-any.whl", hash = "sha256:f22fa1e554c9ddfd16e6e41ac79759e17be9e492b3587efa038054674760e72d"},
    {file = "requests-2.27.1.tar.gz", hash = "sha256:68d7c56fd5a8999887728ef304a6d12edc7be74f1cfa47714fc8b414525c9a61"},
]
six = [
    {file = "six-1.16.0-py2.py3-none-any.whl", hash = "sha256:8abb2f1d86890a2dfb989f9a77cfcfd3e47c2a354b01111771326f8aa26e0254"},
    {file = "six-1.16.0.tar.gz", hash = "sha256:1e61c37477a1626458e36f7b1d82aa5c9b094fa4802892072e49de9c60c4c926"},
]
typing-extensions = [
    {file = "typing_extensions-4.1.1-py3-none-any.whl", hash = "sha256:21c85e0fe4b9a155d0799430b0ad741cdce7e359660ccbd8b530613e8df88ce2"},
    {file = "typing_extensions-4.1.1.tar.gz", hash = "sha256:1a9462dcc3347a79b1f1c0271fbe79e844580bb598bafa1ed208b94da3cdcd42"},
]
urllib3 = [
    {file = "urllib3-1.26.8-py2.py3-none-any.whl", hash = "sha256:000ca7f471a233c2251c6c7023ee85305721bfdf18621ebff4fd17a8653427ed"},
    {file = "urllib3-1.26.8.tar.gz", hash = "sha256:0e7c33d9a63e7ddfcb86780aac87befc2fbddf46c58dbb487e0855f7ceec283c"},
]
uvloop = [
    {file = "uvloop-0.16.0-cp310-cp310-macosx_10_9_universal2.whl", hash = "sha256:6224f1401025b748ffecb7a6e2652b17768f30b1a6a3f7b44660e5b5b690b12d"},
    {file = "uvloop-0.16.0-cp310-cp310-macosx_10_9_x86_64.whl", hash = "sha256:30ba9dcbd0965f5c812b7c2112a1ddf60cf904c1c160f398e7eed3a6b82dcd9c"},
    {file = "uvloop-0.16.0-cp310-cp310-manylinux_2_12_x86_64.manylinux2010_x86_64.whl", hash = "sha256:bd53f7f5db562f37cd64a3af5012df8cac2c464c97e732ed556800129505bd64"},
    {file = "uvloop-0.16.0-cp310-cp310-manylinux_2_17_aarch64.manylinux2014_aarch64.whl", hash = "sha256:772206116b9b57cd625c8a88f2413df2fcfd0b496eb188b82a43bed7af2c2ec9"},
    {file = "uvloop-0.16.0-cp37-cp37m-macosx_10_9_x86_64.whl", hash = "sha256:b572256409f194521a9895aef274cea88731d14732343da3ecdb175228881638"},
    {file = "uvloop-0.16.0-cp37-cp37m-manylinux_2_12_x86_64.manylinux2010_x86_64.whl", hash = "sha256:04ff57aa137230d8cc968f03481176041ae789308b4d5079118331ab01112450"},
    {file = "uvloop-0.16.0-cp37-cp37m-manylinux_2_17_aarch64.manylinux2014_aarch64.whl", hash = "sha256:3a19828c4f15687675ea912cc28bbcb48e9bb907c801873bd1519b96b04fb805"},
    {file = "uvloop-0.16.0-cp38-cp38-macosx_10_9_universal2.whl", hash = "sha256:e814ac2c6f9daf4c36eb8e85266859f42174a4ff0d71b99405ed559257750382"},
    {file = "uvloop-0.16.0-cp38-cp38-macosx_10_9_x86_64.whl", hash = "sha256:bd8f42ea1ea8f4e84d265769089964ddda95eb2bb38b5cbe26712b0616c3edee"},
    {file = "uvloop-0.16.0-cp38-cp38-manylinux_2_12_x86_64.manylinux2010_x86_64.whl", hash = "sha256:647e481940379eebd314c00440314c81ea547aa636056f554d491e40503c8464"},
    {file = "uvloop-0.16.0-cp38-cp38-manylinux_2_17_aarch64.manylinux2014_aarch64.whl", hash = "sha256:8e0d26fa5875d43ddbb0d9d79a447d2ace4180d9e3239788208527c4784f7cab"},
    {file = "uvloop-0.16.0-cp39-cp39-macosx_10_9_universal2.whl", hash = "sha256:6ccd57ae8db17d677e9e06192e9c9ec4bd2066b77790f9aa7dede2cc4008ee8f"},
    {file = "uvloop-0.16.0-cp39-cp39-macosx_10_9_x86_64.whl", hash = "sha256:089b4834fd299d82d83a25e3335372f12117a7d38525217c2258e9b9f4578897"},
    {file = "uvloop-0.16.0-cp39-cp39-manylinux_2_12_x86_64.manylinux2010_x86_64.whl", hash = "sha256:98d117332cc9e5ea8dfdc2b28b0a23f60370d02e1395f88f40d1effd2cb86c4f"},
    {file = "uvloop-0.16.0-cp39-cp39-manylinux_2_17_aarch64.manylinux2014_aarch64.whl", hash = "sha256:1e5f2e2ff51aefe6c19ee98af12b4ae61f5be456cd24396953244a30880ad861"},
    {file = "uvloop-0.16.0.tar.gz", hash = "sha256:f74bc20c7b67d1c27c72601c78cf95be99d5c2cdd4514502b4f3eb0933ff1228"},
]
vmprof = [
    {file = "vmprof-0.4.9-cp27-cp27m-macosx_10_10_x86_64.whl", hash = "sha256:e44bc913a86f309c24c09976d5a3cbc7611e78c95bb2399e7cd0018527f31682"},
    {file = "vmprof-0.4.9-cp27-cp27m-manylinux1_i686.whl", hash = "sha256:22b04ecfd9ed16b746f5a5327827ef1fff91cdda9b11940972162341ccb21c85"},
    {file = "vmprof-0.4.9-cp27-cp27m-manylinux1_x86_64.whl", hash = "sha256:68bc2963c1bfbc7c2cd4715995fa8d25c0f8032e6cb5b57a5897ab69f6c51090"},
    {file = "vmprof-0.4.9-cp27-cp27mu-manylinux1_i686.whl", hash = "sha256:bcb31a1e2909a1c3dc37d4ddb938720de2d6156079f51aa8b0d2cab51959474d"},
    {file = "vmprof-0.4.9-cp27-cp27mu-manylinux1_x86_64.whl", hash = "sha256:b16342d79115f81f7860109c873720bba40aff76a2b38b5384ba37b13c7f272c"},
    {file = "vmprof-0.4.9-cp33-cp33m-manylinux1_i686.whl", hash = "sha256:a74ced832b6d369ce9d568f4959055563434b4c716b76839c9eee4aa6dc7a739"},
    {file = "vmprof-0.4.9-cp33-cp33m-manylinux1_x86_64.whl", hash = "sha256:882cccdf41fde5e0c16132c104e19dc2d498480dea3e99d3ba2fa89653d425eb"},
    {file = "vmprof-0.4.9-cp34-cp34m-macosx_10_10_x86_64.whl", hash = "sha256:f0ead60d84c2a65609c0e595477b973eea6f0f3a22de82792651419138f6273c"},
    {file = "vmprof-0.4.9-cp34-cp34m-manylinux1_i686.whl", hash = "sha256:b82262464104c2341a5ac66ff0d3de02875363bb8bd09be98b3a67ed8c63d1a9"},
    {file = "vmprof-0.4.9-cp34-cp34m-manylinux1_x86_64.whl", hash = "sha256:ab0aaecfc918a609d1f8781d47e63d3961e78ba2e44866d4d73c4c3b69ce4b4f"},
    {file = "vmprof-0.4.9-cp35-cp35m-macosx_10_10_x86_64.whl", hash = "sha256:ac1b1ff47b25cd9d5988f0f330fd49b782b882dcfc04cf210fca3adc57d06fd5"},
    {file = "vmprof-0.4.9-cp35-cp35m-manylinux1_i686.whl", hash = "sha256:8e6f338669e8843faf0e96edb60e9423af30b7f804999e1d28914413b44ed1e9"},
    {file = "vmprof-0.4.9-cp35-cp35m-manylinux1_x86_64.whl", hash = "sha256:3b60789ee66c267521f282bad0a9062d03ea345ba3b45b8447d179c8e28a235d"},
    {file = "vmprof-0.4.9-cp36-cp36m-manylinux1_i686.whl", hash = "sha256:040558f5863b27e9c4ed61931a901ff659f6769bd2e89b4bad04866045611873"},
    {file = "vmprof-0.4.9-cp36-cp36m-manylinux1_x86_64.whl", hash = "sha256:cbb781a2821cb337d66b8fa80bc3c3f8da47aac53b642d4301f793c34d298df9"},
    {file = "vmprof-0.4.9.tar.gz", hash = "sha256:72b1b87eeed42b6dc76d024c428c18a97460715ed6c23a417dded213fa0229a8"},
]
yappi = [
    {file = "yappi-1.3.3.tar.gz", hash = "sha256:855890cd9a90d833dd2df632d648de8ccd0a4c3131f1edc8abd004db0625b5e8"},
]
